// !$*UTF8*$!
{
	archiveVersion = 1;
	classes = {
	};
	objectVersion = 56;
	objects = {

/* Begin PBXBuildFile section */
		B97C4CE22B3E0ED100A9A34A /* ChatGPTApp.swift in Sources */ = {isa = PBXBuildFile; fileRef = B97C4CE12B3E0ED100A9A34A /* ChatGPTApp.swift */; };
		B97C4CE62B3E0ED100A9A34A /* Item.swift in Sources */ = {isa = PBXBuildFile; fileRef = B97C4CE52B3E0ED100A9A34A /* Item.swift */; };
		B97C4CE82B3E0ED200A9A34A /* Assets.xcassets in Resources */ = {isa = PBXBuildFile; fileRef = B97C4CE72B3E0ED200A9A34A /* Assets.xcassets */; };
		B97C4CEB2B3E0ED200A9A34A /* Preview Assets.xcassets in Resources */ = {isa = PBXBuildFile; fileRef = B97C4CEA2B3E0ED200A9A34A /* Preview Assets.xcassets */; };
		B97C4CF72B3E0ED200A9A34A /* ChatGPTTests.swift in Sources */ = {isa = PBXBuildFile; fileRef = B97C4CF62B3E0ED200A9A34A /* ChatGPTTests.swift */; };
		B97C4D012B3E0ED200A9A34A /* ChatGPTUITests.swift in Sources */ = {isa = PBXBuildFile; fileRef = B97C4D002B3E0ED200A9A34A /* ChatGPTUITests.swift */; };
		B97C4D032B3E0ED200A9A34A /* ChatGPTUITestsLaunchTests.swift in Sources */ = {isa = PBXBuildFile; fileRef = B97C4D022B3E0ED200A9A34A /* ChatGPTUITestsLaunchTests.swift */; };
		B97C4D172B3E0F3D00A9A34A /* Retired in Resources */ = {isa = PBXBuildFile; fileRef = B97C4D102B3E0F3D00A9A34A /* Retired */; };
		B97C4D182B3E0F3D00A9A34A /* NeuromorphismView.swift in Sources */ = {isa = PBXBuildFile; fileRef = B97C4D112B3E0F3D00A9A34A /* NeuromorphismView.swift */; };
		B97C4D192B3E0F3D00A9A34A /* MessageView.swift in Sources */ = {isa = PBXBuildFile; fileRef = B97C4D122B3E0F3D00A9A34A /* MessageView.swift */; };
		B97C4D1A2B3E0F3D00A9A34A /* P190_GlassShape.swift in Sources */ = {isa = PBXBuildFile; fileRef = B97C4D132B3E0F3D00A9A34A /* P190_GlassShape.swift */; };
		B97C4D1B2B3E0F3D00A9A34A /* ChatView.swift in Sources */ = {isa = PBXBuildFile; fileRef = B97C4D142B3E0F3D00A9A34A /* ChatView.swift */; };
		B97C4D1C2B3E0F3D00A9A34A /* ContentView.swift in Sources */ = {isa = PBXBuildFile; fileRef = B97C4D152B3E0F3D00A9A34A /* ContentView.swift */; };
		B9D5373B2B4017CF00290328 /* Colors.swift in Sources */ = {isa = PBXBuildFile; fileRef = B9D5373A2B4017CF00290328 /* Colors.swift */; };
		B9EBA2842B3E473F005214DA /* HeaderView.swift in Sources */ = {isa = PBXBuildFile; fileRef = B9EBA2832B3E473F005214DA /* HeaderView.swift */; };
		B9EBA2862B3E7103005214DA /* MessageSymbol.swift in Sources */ = {isa = PBXBuildFile; fileRef = B9EBA2852B3E7103005214DA /* MessageSymbol.swift */; };
/* End PBXBuildFile section */

/* Begin PBXContainerItemProxy section */
		B97C4CF32B3E0ED200A9A34A /* PBXContainerItemProxy */ = {
			isa = PBXContainerItemProxy;
			containerPortal = B97C4CD62B3E0ED100A9A34A /* Project object */;
			proxyType = 1;
			remoteGlobalIDString = B97C4CDD2B3E0ED100A9A34A;
			remoteInfo = ChatGPT;
		};
		B97C4CFD2B3E0ED200A9A34A /* PBXContainerItemProxy */ = {
			isa = PBXContainerItemProxy;
			containerPortal = B97C4CD62B3E0ED100A9A34A /* Project object */;
			proxyType = 1;
			remoteGlobalIDString = B97C4CDD2B3E0ED100A9A34A;
			remoteInfo = ChatGPT;
		};
/* End PBXContainerItemProxy section */

/* Begin PBXFileReference section */
		B97C4CDE2B3E0ED100A9A34A /* ChatGPT.app */ = {isa = PBXFileReference; explicitFileType = wrapper.application; includeInIndex = 0; path = ChatGPT.app; sourceTree = BUILT_PRODUCTS_DIR; };
		B97C4CE12B3E0ED100A9A34A /* ChatGPTApp.swift */ = {isa = PBXFileReference; lastKnownFileType = sourcecode.swift; path = ChatGPTApp.swift; sourceTree = "<group>"; };
		B97C4CE52B3E0ED100A9A34A /* Item.swift */ = {isa = PBXFileReference; lastKnownFileType = sourcecode.swift; path = Item.swift; sourceTree = "<group>"; };
		B97C4CE72B3E0ED200A9A34A /* Assets.xcassets */ = {isa = PBXFileReference; lastKnownFileType = folder.assetcatalog; path = Assets.xcassets; sourceTree = "<group>"; };
		B97C4CEA2B3E0ED200A9A34A /* Preview Assets.xcassets */ = {isa = PBXFileReference; lastKnownFileType = folder.assetcatalog; path = "Preview Assets.xcassets"; sourceTree = "<group>"; };
		B97C4CEC2B3E0ED200A9A34A /* ChatGPT.entitlements */ = {isa = PBXFileReference; lastKnownFileType = text.plist.entitlements; path = ChatGPT.entitlements; sourceTree = "<group>"; };
		B97C4CED2B3E0ED200A9A34A /* Info.plist */ = {isa = PBXFileReference; lastKnownFileType = text.plist.xml; path = Info.plist; sourceTree = "<group>"; };
		B97C4CF22B3E0ED200A9A34A /* ChatGPTTests.xctest */ = {isa = PBXFileReference; explicitFileType = wrapper.cfbundle; includeInIndex = 0; path = ChatGPTTests.xctest; sourceTree = BUILT_PRODUCTS_DIR; };
		B97C4CF62B3E0ED200A9A34A /* ChatGPTTests.swift */ = {isa = PBXFileReference; lastKnownFileType = sourcecode.swift; path = ChatGPTTests.swift; sourceTree = "<group>"; };
		B97C4CFC2B3E0ED200A9A34A /* ChatGPTUITests.xctest */ = {isa = PBXFileReference; explicitFileType = wrapper.cfbundle; includeInIndex = 0; path = ChatGPTUITests.xctest; sourceTree = BUILT_PRODUCTS_DIR; };
		B97C4D002B3E0ED200A9A34A /* ChatGPTUITests.swift */ = {isa = PBXFileReference; lastKnownFileType = sourcecode.swift; path = ChatGPTUITests.swift; sourceTree = "<group>"; };
		B97C4D022B3E0ED200A9A34A /* ChatGPTUITestsLaunchTests.swift */ = {isa = PBXFileReference; lastKnownFileType = sourcecode.swift; path = ChatGPTUITestsLaunchTests.swift; sourceTree = "<group>"; };
		B97C4D102B3E0F3D00A9A34A /* Retired */ = {isa = PBXFileReference; lastKnownFileType = folder; path = Retired; sourceTree = "<group>"; };
		B97C4D112B3E0F3D00A9A34A /* NeuromorphismView.swift */ = {isa = PBXFileReference; fileEncoding = 4; lastKnownFileType = sourcecode.swift; path = NeuromorphismView.swift; sourceTree = "<group>"; };
		B97C4D122B3E0F3D00A9A34A /* MessageView.swift */ = {isa = PBXFileReference; fileEncoding = 4; lastKnownFileType = sourcecode.swift; path = MessageView.swift; sourceTree = "<group>"; };
		B97C4D132B3E0F3D00A9A34A /* P190_GlassShape.swift */ = {isa = PBXFileReference; fileEncoding = 4; lastKnownFileType = sourcecode.swift; path = P190_GlassShape.swift; sourceTree = "<group>"; };
		B97C4D142B3E0F3D00A9A34A /* ChatView.swift */ = {isa = PBXFileReference; fileEncoding = 4; lastKnownFileType = sourcecode.swift; path = ChatView.swift; sourceTree = "<group>"; wrapsLines = 0; };
		B97C4D152B3E0F3D00A9A34A /* ContentView.swift */ = {isa = PBXFileReference; fileEncoding = 4; lastKnownFileType = sourcecode.swift; path = ContentView.swift; sourceTree = "<group>"; wrapsLines = 0; };
		B9D5373A2B4017CF00290328 /* Colors.swift */ = {isa = PBXFileReference; lastKnownFileType = sourcecode.swift; path = Colors.swift; sourceTree = "<group>"; wrapsLines = 0; };
		B9EBA2832B3E473F005214DA /* HeaderView.swift */ = {isa = PBXFileReference; lastKnownFileType = sourcecode.swift; path = HeaderView.swift; sourceTree = "<group>"; };
		B9EBA2852B3E7103005214DA /* MessageSymbol.swift */ = {isa = PBXFileReference; lastKnownFileType = sourcecode.swift; path = MessageSymbol.swift; sourceTree = "<group>"; };
/* End PBXFileReference section */

/* Begin PBXFrameworksBuildPhase section */
		B97C4CDB2B3E0ED100A9A34A /* Frameworks */ = {
			isa = PBXFrameworksBuildPhase;
			buildActionMask = 2147483647;
			files = (
			);
			runOnlyForDeploymentPostprocessing = 0;
		};
		B97C4CEF2B3E0ED200A9A34A /* Frameworks */ = {
			isa = PBXFrameworksBuildPhase;
			buildActionMask = 2147483647;
			files = (
			);
			runOnlyForDeploymentPostprocessing = 0;
		};
		B97C4CF92B3E0ED200A9A34A /* Frameworks */ = {
			isa = PBXFrameworksBuildPhase;
			buildActionMask = 2147483647;
			files = (
			);
			runOnlyForDeploymentPostprocessing = 0;
		};
/* End PBXFrameworksBuildPhase section */

/* Begin PBXGroup section */
		B97C4CD52B3E0ED100A9A34A = {
			isa = PBXGroup;
			children = (
				B97C4CE02B3E0ED100A9A34A /* ChatGPT */,
				B97C4CF52B3E0ED200A9A34A /* ChatGPTTests */,
				B97C4CFF2B3E0ED200A9A34A /* ChatGPTUITests */,
				B97C4CDF2B3E0ED100A9A34A /* Products */,
			);
			sourceTree = "<group>";
		};
		B97C4CDF2B3E0ED100A9A34A /* Products */ = {
			isa = PBXGroup;
			children = (
				B97C4CDE2B3E0ED100A9A34A /* ChatGPT.app */,
				B97C4CF22B3E0ED200A9A34A /* ChatGPTTests.xctest */,
				B97C4CFC2B3E0ED200A9A34A /* ChatGPTUITests.xctest */,
			);
			name = Products;
			sourceTree = "<group>";
		};
		B97C4CE02B3E0ED100A9A34A /* ChatGPT */ = {
			isa = PBXGroup;
			children = (
				B97C4CE12B3E0ED100A9A34A /* ChatGPTApp.swift */,
				B97C4D142B3E0F3D00A9A34A /* ChatView.swift */,
				B9EBA2832B3E473F005214DA /* HeaderView.swift */,
				B97C4D152B3E0F3D00A9A34A /* ContentView.swift */,
				B9EBA2852B3E7103005214DA /* MessageSymbol.swift */,
				B97C4D122B3E0F3D00A9A34A /* MessageView.swift */,
				B97C4D112B3E0F3D00A9A34A /* NeuromorphismView.swift */,
				B97C4D132B3E0F3D00A9A34A /* P190_GlassShape.swift */,
				B97C4CE52B3E0ED100A9A34A /* Item.swift */,
				B9D5373A2B4017CF00290328 /* Colors.swift */,
				B97C4CE72B3E0ED200A9A34A /* Assets.xcassets */,
				B97C4CEC2B3E0ED200A9A34A /* ChatGPT.entitlements */,
				B97C4CED2B3E0ED200A9A34A /* Info.plist */,
				B97C4D102B3E0F3D00A9A34A /* Retired */,
				B97C4CE92B3E0ED200A9A34A /* Preview Content */,
			);
			path = ChatGPT;
			sourceTree = "<group>";
		};
		B97C4CE92B3E0ED200A9A34A /* Preview Content */ = {
			isa = PBXGroup;
			children = (
				B97C4CEA2B3E0ED200A9A34A /* Preview Assets.xcassets */,
			);
			path = "Preview Content";
			sourceTree = "<group>";
		};
		B97C4CF52B3E0ED200A9A34A /* ChatGPTTests */ = {
			isa = PBXGroup;
			children = (
				B97C4CF62B3E0ED200A9A34A /* ChatGPTTests.swift */,
			);
			path = ChatGPTTests;
			sourceTree = "<group>";
		};
		B97C4CFF2B3E0ED200A9A34A /* ChatGPTUITests */ = {
			isa = PBXGroup;
			children = (
				B97C4D002B3E0ED200A9A34A /* ChatGPTUITests.swift */,
				B97C4D022B3E0ED200A9A34A /* ChatGPTUITestsLaunchTests.swift */,
			);
			path = ChatGPTUITests;
			sourceTree = "<group>";
		};
/* End PBXGroup section */

/* Begin PBXNativeTarget section */
		B97C4CDD2B3E0ED100A9A34A /* ChatGPT */ = {
			isa = PBXNativeTarget;
			buildConfigurationList = B97C4D062B3E0ED200A9A34A /* Build configuration list for PBXNativeTarget "ChatGPT" */;
			buildPhases = (
				B97C4CDA2B3E0ED100A9A34A /* Sources */,
				B97C4CDB2B3E0ED100A9A34A /* Frameworks */,
				B97C4CDC2B3E0ED100A9A34A /* Resources */,
			);
			buildRules = (
			);
			dependencies = (
			);
			name = ChatGPT;
			productName = ChatGPT;
			productReference = B97C4CDE2B3E0ED100A9A34A /* ChatGPT.app */;
			productType = "com.apple.product-type.application";
		};
		B97C4CF12B3E0ED200A9A34A /* ChatGPTTests */ = {
			isa = PBXNativeTarget;
			buildConfigurationList = B97C4D092B3E0ED200A9A34A /* Build configuration list for PBXNativeTarget "ChatGPTTests" */;
			buildPhases = (
				B97C4CEE2B3E0ED200A9A34A /* Sources */,
				B97C4CEF2B3E0ED200A9A34A /* Frameworks */,
				B97C4CF02B3E0ED200A9A34A /* Resources */,
			);
			buildRules = (
			);
			dependencies = (
				B97C4CF42B3E0ED200A9A34A /* PBXTargetDependency */,
			);
			name = ChatGPTTests;
			productName = ChatGPTTests;
			productReference = B97C4CF22B3E0ED200A9A34A /* ChatGPTTests.xctest */;
			productType = "com.apple.product-type.bundle.unit-test";
		};
		B97C4CFB2B3E0ED200A9A34A /* ChatGPTUITests */ = {
			isa = PBXNativeTarget;
			buildConfigurationList = B97C4D0C2B3E0ED200A9A34A /* Build configuration list for PBXNativeTarget "ChatGPTUITests" */;
			buildPhases = (
				B97C4CF82B3E0ED200A9A34A /* Sources */,
				B97C4CF92B3E0ED200A9A34A /* Frameworks */,
				B97C4CFA2B3E0ED200A9A34A /* Resources */,
			);
			buildRules = (
			);
			dependencies = (
				B97C4CFE2B3E0ED200A9A34A /* PBXTargetDependency */,
			);
			name = ChatGPTUITests;
			productName = ChatGPTUITests;
			productReference = B97C4CFC2B3E0ED200A9A34A /* ChatGPTUITests.xctest */;
			productType = "com.apple.product-type.bundle.ui-testing";
		};
/* End PBXNativeTarget section */

/* Begin PBXProject section */
		B97C4CD62B3E0ED100A9A34A /* Project object */ = {
			isa = PBXProject;
			attributes = {
				BuildIndependentTargetsInParallel = 1;
				LastSwiftUpdateCheck = 1520;
				LastUpgradeCheck = 1520;
				TargetAttributes = {
					B97C4CDD2B3E0ED100A9A34A = {
						CreatedOnToolsVersion = 15.2;
					};
					B97C4CF12B3E0ED200A9A34A = {
						CreatedOnToolsVersion = 15.2;
						TestTargetID = B97C4CDD2B3E0ED100A9A34A;
					};
					B97C4CFB2B3E0ED200A9A34A = {
						CreatedOnToolsVersion = 15.2;
						TestTargetID = B97C4CDD2B3E0ED100A9A34A;
					};
				};
			};
			buildConfigurationList = B97C4CD92B3E0ED100A9A34A /* Build configuration list for PBXProject "ChatGPT" */;
			compatibilityVersion = "Xcode 14.0";
			developmentRegion = en;
			hasScannedForEncodings = 0;
			knownRegions = (
				en,
				Base,
			);
			mainGroup = B97C4CD52B3E0ED100A9A34A;
			productRefGroup = B97C4CDF2B3E0ED100A9A34A /* Products */;
			projectDirPath = "";
			projectRoot = "";
			targets = (
				B97C4CDD2B3E0ED100A9A34A /* ChatGPT */,
				B97C4CF12B3E0ED200A9A34A /* ChatGPTTests */,
				B97C4CFB2B3E0ED200A9A34A /* ChatGPTUITests */,
			);
		};
/* End PBXProject section */

/* Begin PBXResourcesBuildPhase section */
		B97C4CDC2B3E0ED100A9A34A /* Resources */ = {
			isa = PBXResourcesBuildPhase;
			buildActionMask = 2147483647;
			files = (
				B97C4D172B3E0F3D00A9A34A /* Retired in Resources */,
				B97C4CEB2B3E0ED200A9A34A /* Preview Assets.xcassets in Resources */,
				B97C4CE82B3E0ED200A9A34A /* Assets.xcassets in Resources */,
			);
			runOnlyForDeploymentPostprocessing = 0;
		};
		B97C4CF02B3E0ED200A9A34A /* Resources */ = {
			isa = PBXResourcesBuildPhase;
			buildActionMask = 2147483647;
			files = (
			);
			runOnlyForDeploymentPostprocessing = 0;
		};
		B97C4CFA2B3E0ED200A9A34A /* Resources */ = {
			isa = PBXResourcesBuildPhase;
			buildActionMask = 2147483647;
			files = (
			);
			runOnlyForDeploymentPostprocessing = 0;
		};
/* End PBXResourcesBuildPhase section */

/* Begin PBXSourcesBuildPhase section */
		B97C4CDA2B3E0ED100A9A34A /* Sources */ = {
			isa = PBXSourcesBuildPhase;
			buildActionMask = 2147483647;
			files = (
				B97C4D1A2B3E0F3D00A9A34A /* P190_GlassShape.swift in Sources */,
				B9D5373B2B4017CF00290328 /* Colors.swift in Sources */,
				B97C4CE62B3E0ED100A9A34A /* Item.swift in Sources */,
				B97C4D1C2B3E0F3D00A9A34A /* ContentView.swift in Sources */,
				B97C4D182B3E0F3D00A9A34A /* NeuromorphismView.swift in Sources */,
				B97C4D1B2B3E0F3D00A9A34A /* ChatView.swift in Sources */,
				B97C4CE22B3E0ED100A9A34A /* ChatGPTApp.swift in Sources */,
				B97C4D192B3E0F3D00A9A34A /* MessageView.swift in Sources */,
				B9EBA2862B3E7103005214DA /* MessageSymbol.swift in Sources */,
				B9EBA2842B3E473F005214DA /* HeaderView.swift in Sources */,
			);
			runOnlyForDeploymentPostprocessing = 0;
		};
		B97C4CEE2B3E0ED200A9A34A /* Sources */ = {
			isa = PBXSourcesBuildPhase;
			buildActionMask = 2147483647;
			files = (
				B97C4CF72B3E0ED200A9A34A /* ChatGPTTests.swift in Sources */,
			);
			runOnlyForDeploymentPostprocessing = 0;
		};
		B97C4CF82B3E0ED200A9A34A /* Sources */ = {
			isa = PBXSourcesBuildPhase;
			buildActionMask = 2147483647;
			files = (
				B97C4D032B3E0ED200A9A34A /* ChatGPTUITestsLaunchTests.swift in Sources */,
				B97C4D012B3E0ED200A9A34A /* ChatGPTUITests.swift in Sources */,
			);
			runOnlyForDeploymentPostprocessing = 0;
		};
/* End PBXSourcesBuildPhase section */

/* Begin PBXTargetDependency section */
		B97C4CF42B3E0ED200A9A34A /* PBXTargetDependency */ = {
			isa = PBXTargetDependency;
			target = B97C4CDD2B3E0ED100A9A34A /* ChatGPT */;
			targetProxy = B97C4CF32B3E0ED200A9A34A /* PBXContainerItemProxy */;
		};
		B97C4CFE2B3E0ED200A9A34A /* PBXTargetDependency */ = {
			isa = PBXTargetDependency;
			target = B97C4CDD2B3E0ED100A9A34A /* ChatGPT */;
			targetProxy = B97C4CFD2B3E0ED200A9A34A /* PBXContainerItemProxy */;
		};
/* End PBXTargetDependency section */

/* Begin XCBuildConfiguration section */
		B97C4D042B3E0ED200A9A34A /* Debug */ = {
			isa = XCBuildConfiguration;
			buildSettings = {
				ALWAYS_SEARCH_USER_PATHS = NO;
				ASSETCATALOG_COMPILER_GENERATE_SWIFT_ASSET_SYMBOL_EXTENSIONS = YES;
				CLANG_ANALYZER_NONNULL = YES;
				CLANG_ANALYZER_NUMBER_OBJECT_CONVERSION = YES_AGGRESSIVE;
				CLANG_CXX_LANGUAGE_STANDARD = "gnu++20";
				CLANG_ENABLE_MODULES = YES;
				CLANG_ENABLE_OBJC_ARC = YES;
				CLANG_ENABLE_OBJC_WEAK = YES;
				CLANG_WARN_BLOCK_CAPTURE_AUTORELEASING = YES;
				CLANG_WARN_BOOL_CONVERSION = YES;
				CLANG_WARN_COMMA = YES;
				CLANG_WARN_CONSTANT_CONVERSION = YES;
				CLANG_WARN_DEPRECATED_OBJC_IMPLEMENTATIONS = YES;
				CLANG_WARN_DIRECT_OBJC_ISA_USAGE = YES_ERROR;
				CLANG_WARN_DOCUMENTATION_COMMENTS = YES;
				CLANG_WARN_EMPTY_BODY = YES;
				CLANG_WARN_ENUM_CONVERSION = YES;
				CLANG_WARN_INFINITE_RECURSION = YES;
				CLANG_WARN_INT_CONVERSION = YES;
				CLANG_WARN_NON_LITERAL_NULL_CONVERSION = YES;
				CLANG_WARN_OBJC_IMPLICIT_RETAIN_SELF = YES;
				CLANG_WARN_OBJC_LITERAL_CONVERSION = YES;
				CLANG_WARN_OBJC_ROOT_CLASS = YES_ERROR;
				CLANG_WARN_QUOTED_INCLUDE_IN_FRAMEWORK_HEADER = YES;
				CLANG_WARN_RANGE_LOOP_ANALYSIS = YES;
				CLANG_WARN_STRICT_PROTOTYPES = YES;
				CLANG_WARN_SUSPICIOUS_MOVE = YES;
				CLANG_WARN_UNGUARDED_AVAILABILITY = YES_AGGRESSIVE;
				CLANG_WARN_UNREACHABLE_CODE = YES;
				CLANG_WARN__DUPLICATE_METHOD_MATCH = YES;
				COPY_PHASE_STRIP = NO;
				DEBUG_INFORMATION_FORMAT = dwarf;
				ENABLE_STRICT_OBJC_MSGSEND = YES;
				ENABLE_TESTABILITY = YES;
				ENABLE_USER_SCRIPT_SANDBOXING = YES;
				GCC_C_LANGUAGE_STANDARD = gnu17;
				GCC_DYNAMIC_NO_PIC = NO;
				GCC_NO_COMMON_BLOCKS = YES;
				GCC_OPTIMIZATION_LEVEL = 0;
				GCC_PREPROCESSOR_DEFINITIONS = (
					"DEBUG=1",
					"$(inherited)",
				);
				GCC_WARN_64_TO_32_BIT_CONVERSION = YES;
				GCC_WARN_ABOUT_RETURN_TYPE = YES_ERROR;
				GCC_WARN_UNDECLARED_SELECTOR = YES;
				GCC_WARN_UNINITIALIZED_AUTOS = YES_AGGRESSIVE;
				GCC_WARN_UNUSED_FUNCTION = YES;
				GCC_WARN_UNUSED_VARIABLE = YES;
				IPHONEOS_DEPLOYMENT_TARGET = 17.2;
				LOCALIZATION_PREFERS_STRING_CATALOGS = YES;
				MTL_ENABLE_DEBUG_INFO = INCLUDE_SOURCE;
				MTL_FAST_MATH = YES;
				ONLY_ACTIVE_ARCH = YES;
				SDKROOT = iphoneos;
				SWIFT_ACTIVE_COMPILATION_CONDITIONS = "DEBUG $(inherited)";
				SWIFT_OPTIMIZATION_LEVEL = "-Onone";
			};
			name = Debug;
		};
		B97C4D052B3E0ED200A9A34A /* Release */ = {
			isa = XCBuildConfiguration;
			buildSettings = {
				ALWAYS_SEARCH_USER_PATHS = NO;
				ASSETCATALOG_COMPILER_GENERATE_SWIFT_ASSET_SYMBOL_EXTENSIONS = YES;
				CLANG_ANALYZER_NONNULL = YES;
				CLANG_ANALYZER_NUMBER_OBJECT_CONVERSION = YES_AGGRESSIVE;
				CLANG_CXX_LANGUAGE_STANDARD = "gnu++20";
				CLANG_ENABLE_MODULES = YES;
				CLANG_ENABLE_OBJC_ARC = YES;
				CLANG_ENABLE_OBJC_WEAK = YES;
				CLANG_WARN_BLOCK_CAPTURE_AUTORELEASING = YES;
				CLANG_WARN_BOOL_CONVERSION = YES;
				CLANG_WARN_COMMA = YES;
				CLANG_WARN_CONSTANT_CONVERSION = YES;
				CLANG_WARN_DEPRECATED_OBJC_IMPLEMENTATIONS = YES;
				CLANG_WARN_DIRECT_OBJC_ISA_USAGE = YES_ERROR;
				CLANG_WARN_DOCUMENTATION_COMMENTS = YES;
				CLANG_WARN_EMPTY_BODY = YES;
				CLANG_WARN_ENUM_CONVERSION = YES;
				CLANG_WARN_INFINITE_RECURSION = YES;
				CLANG_WARN_INT_CONVERSION = YES;
				CLANG_WARN_NON_LITERAL_NULL_CONVERSION = YES;
				CLANG_WARN_OBJC_IMPLICIT_RETAIN_SELF = YES;
				CLANG_WARN_OBJC_LITERAL_CONVERSION = YES;
				CLANG_WARN_OBJC_ROOT_CLASS = YES_ERROR;
				CLANG_WARN_QUOTED_INCLUDE_IN_FRAMEWORK_HEADER = YES;
				CLANG_WARN_RANGE_LOOP_ANALYSIS = YES;
				CLANG_WARN_STRICT_PROTOTYPES = YES;
				CLANG_WARN_SUSPICIOUS_MOVE = YES;
				CLANG_WARN_UNGUARDED_AVAILABILITY = YES_AGGRESSIVE;
				CLANG_WARN_UNREACHABLE_CODE = YES;
				CLANG_WARN__DUPLICATE_METHOD_MATCH = YES;
				COPY_PHASE_STRIP = NO;
				DEBUG_INFORMATION_FORMAT = "dwarf-with-dsym";
				ENABLE_NS_ASSERTIONS = NO;
				ENABLE_STRICT_OBJC_MSGSEND = YES;
				ENABLE_USER_SCRIPT_SANDBOXING = YES;
				GCC_C_LANGUAGE_STANDARD = gnu17;
				GCC_NO_COMMON_BLOCKS = YES;
				GCC_WARN_64_TO_32_BIT_CONVERSION = YES;
				GCC_WARN_ABOUT_RETURN_TYPE = YES_ERROR;
				GCC_WARN_UNDECLARED_SELECTOR = YES;
				GCC_WARN_UNINITIALIZED_AUTOS = YES_AGGRESSIVE;
				GCC_WARN_UNUSED_FUNCTION = YES;
				GCC_WARN_UNUSED_VARIABLE = YES;
				IPHONEOS_DEPLOYMENT_TARGET = 17.2;
				LOCALIZATION_PREFERS_STRING_CATALOGS = YES;
				MTL_ENABLE_DEBUG_INFO = NO;
				MTL_FAST_MATH = YES;
				SDKROOT = iphoneos;
				SWIFT_COMPILATION_MODE = wholemodule;
				VALIDATE_PRODUCT = YES;
			};
			name = Release;
		};
		B97C4D072B3E0ED200A9A34A /* Debug */ = {
			isa = XCBuildConfiguration;
			buildSettings = {
				ASSETCATALOG_COMPILER_APPICON_NAME = AppIcon;
				ASSETCATALOG_COMPILER_GLOBAL_ACCENT_COLOR_NAME = AccentColor;
				CODE_SIGN_ENTITLEMENTS = ChatGPT/ChatGPT.entitlements;
				CODE_SIGN_STYLE = Automatic;
				CURRENT_PROJECT_VERSION = 1;
				DEVELOPMENT_ASSET_PATHS = "\"ChatGPT/Preview Content\"";
				DEVELOPMENT_TEAM = N9987K9442;
				ENABLE_PREVIEWS = YES;
				GENERATE_INFOPLIST_FILE = YES;
				INFOPLIST_FILE = ChatGPT/Info.plist;
				INFOPLIST_KEY_UIApplicationSceneManifest_Generation = YES;
				INFOPLIST_KEY_UIApplicationSupportsIndirectInputEvents = YES;
				INFOPLIST_KEY_UILaunchScreen_Generation = YES;
				INFOPLIST_KEY_UISupportedInterfaceOrientations_iPad = "UIInterfaceOrientationPortrait UIInterfaceOrientationPortraitUpsideDown UIInterfaceOrientationLandscapeLeft UIInterfaceOrientationLandscapeRight";
				INFOPLIST_KEY_UISupportedInterfaceOrientations_iPhone = "UIInterfaceOrientationPortrait UIInterfaceOrientationLandscapeLeft UIInterfaceOrientationLandscapeRight";
				LD_RUNPATH_SEARCH_PATHS = (
					"$(inherited)",
					"@executable_path/Frameworks",
				);
				MARKETING_VERSION = 1.0;
				PRODUCT_BUNDLE_IDENTIFIER = "bush.alan.james.messages-chatgtp-copilot.ChatGPT";
				PRODUCT_NAME = "$(TARGET_NAME)";
				SWIFT_EMIT_LOC_STRINGS = YES;
				SWIFT_VERSION = 5.0;
				TARGETED_DEVICE_FAMILY = "1,2";
			};
			name = Debug;
		};
		B97C4D082B3E0ED200A9A34A /* Release */ = {
			isa = XCBuildConfiguration;
			buildSettings = {
				ASSETCATALOG_COMPILER_APPICON_NAME = AppIcon;
				ASSETCATALOG_COMPILER_GLOBAL_ACCENT_COLOR_NAME = AccentColor;
				CODE_SIGN_ENTITLEMENTS = ChatGPT/ChatGPT.entitlements;
				CODE_SIGN_STYLE = Automatic;
				CURRENT_PROJECT_VERSION = 1;
				DEVELOPMENT_ASSET_PATHS = "\"ChatGPT/Preview Content\"";
				DEVELOPMENT_TEAM = N9987K9442;
				ENABLE_PREVIEWS = YES;
				GENERATE_INFOPLIST_FILE = YES;
				INFOPLIST_FILE = ChatGPT/Info.plist;
				INFOPLIST_KEY_UIApplicationSceneManifest_Generation = YES;
				INFOPLIST_KEY_UIApplicationSupportsIndirectInputEvents = YES;
				INFOPLIST_KEY_UILaunchScreen_Generation = YES;
				INFOPLIST_KEY_UISupportedInterfaceOrientations_iPad = "UIInterfaceOrientationPortrait UIInterfaceOrientationPortraitUpsideDown UIInterfaceOrientationLandscapeLeft UIInterfaceOrientationLandscapeRight";
				INFOPLIST_KEY_UISupportedInterfaceOrientations_iPhone = "UIInterfaceOrientationPortrait UIInterfaceOrientationLandscapeLeft UIInterfaceOrientationLandscapeRight";
				LD_RUNPATH_SEARCH_PATHS = (
					"$(inherited)",
					"@executable_path/Frameworks",
				);
				MARKETING_VERSION = 1.0;
				PRODUCT_BUNDLE_IDENTIFIER = "bush.alan.james.messages-chatgtp-copilot.ChatGPT";
				PRODUCT_NAME = "$(TARGET_NAME)";
				SWIFT_EMIT_LOC_STRINGS = YES;
				SWIFT_VERSION = 5.0;
				TARGETED_DEVICE_FAMILY = "1,2";
			};
			name = Release;
		};
		B97C4D0A2B3E0ED200A9A34A /* Debug */ = {
			isa = XCBuildConfiguration;
			buildSettings = {
				ALWAYS_EMBED_SWIFT_STANDARD_LIBRARIES = YES;
				BUNDLE_LOADER = "$(TEST_HOST)";
				CODE_SIGN_STYLE = Automatic;
				CURRENT_PROJECT_VERSION = 1;
				DEVELOPMENT_TEAM = N9987K9442;
				GENERATE_INFOPLIST_FILE = YES;
				IPHONEOS_DEPLOYMENT_TARGET = 17.2;
				MARKETING_VERSION = 1.0;
				PRODUCT_BUNDLE_IDENTIFIER = "bush.alan.james.messages-chatgtp-copilot.ChatGPTTests";
				PRODUCT_NAME = "$(TARGET_NAME)";
				SWIFT_EMIT_LOC_STRINGS = NO;
				SWIFT_VERSION = 5.0;
				TARGETED_DEVICE_FAMILY = "1,2";
				TEST_HOST = "$(BUILT_PRODUCTS_DIR)/ChatGPT.app/$(BUNDLE_EXECUTABLE_FOLDER_PATH)/ChatGPT";
			};
			name = Debug;
		};
		B97C4D0B2B3E0ED200A9A34A /* Release */ = {
			isa = XCBuildConfiguration;
			buildSettings = {
				ALWAYS_EMBED_SWIFT_STANDARD_LIBRARIES = YES;
				BUNDLE_LOADER = "$(TEST_HOST)";
				CODE_SIGN_STYLE = Automatic;
				CURRENT_PROJECT_VERSION = 1;
				DEVELOPMENT_TEAM = N9987K9442;
				GENERATE_INFOPLIST_FILE = YES;
				IPHONEOS_DEPLOYMENT_TARGET = 17.2;
				MARKETING_VERSION = 1.0;
				PRODUCT_BUNDLE_IDENTIFIER = "bush.alan.james.messages-chatgtp-copilot.ChatGPTTests";
				PRODUCT_NAME = "$(TARGET_NAME)";
				SWIFT_EMIT_LOC_STRINGS = NO;
				SWIFT_VERSION = 5.0;
				TARGETED_DEVICE_FAMILY = "1,2";
				TEST_HOST = "$(BUILT_PRODUCTS_DIR)/ChatGPT.app/$(BUNDLE_EXECUTABLE_FOLDER_PATH)/ChatGPT";
			};
			name = Release;
		};
		B97C4D0D2B3E0ED200A9A34A /* Debug */ = {
			isa = XCBuildConfiguration;
			buildSettings = {
				ALWAYS_EMBED_SWIFT_STANDARD_LIBRARIES = YES;
				CODE_SIGN_STYLE = Automatic;
				CURRENT_PROJECT_VERSION = 1;
				DEVELOPMENT_TEAM = N9987K9442;
				GENERATE_INFOPLIST_FILE = YES;
				MARKETING_VERSION = 1.0;
				PRODUCT_BUNDLE_IDENTIFIER = "bush.alan.james.messages-chatgtp-copilot.ChatGPTUITests";
				PRODUCT_NAME = "$(TARGET_NAME)";
				SWIFT_EMIT_LOC_STRINGS = NO;
				SWIFT_VERSION = 5.0;
				TARGETED_DEVICE_FAMILY = "1,2";
				TEST_TARGET_NAME = ChatGPT;
			};
			name = Debug;
		};
		B97C4D0E2B3E0ED200A9A34A /* Release */ = {
			isa = XCBuildConfiguration;
			buildSettings = {
				ALWAYS_EMBED_SWIFT_STANDARD_LIBRARIES = YES;
				CODE_SIGN_STYLE = Automatic;
				CURRENT_PROJECT_VERSION = 1;
				DEVELOPMENT_TEAM = N9987K9442;
				GENERATE_INFOPLIST_FILE = YES;
				MARKETING_VERSION = 1.0;
				PRODUCT_BUNDLE_IDENTIFIER = "bush.alan.james.messages-chatgtp-copilot.ChatGPTUITests";
				PRODUCT_NAME = "$(TARGET_NAME)";
				SWIFT_EMIT_LOC_STRINGS = NO;
				SWIFT_VERSION = 5.0;
				TARGETED_DEVICE_FAMILY = "1,2";
				TEST_TARGET_NAME = ChatGPT;
			};
			name = Release;
		};
/* End XCBuildConfiguration section */

/* Begin XCConfigurationList section */
		B97C4CD92B3E0ED100A9A34A /* Build configuration list for PBXProject "ChatGPT" */ = {
			isa = XCConfigurationList;
			buildConfigurations = (
				B97C4D042B3E0ED200A9A34A /* Debug */,
				B97C4D052B3E0ED200A9A34A /* Release */,
			);
			defaultConfigurationIsVisible = 0;
			defaultConfigurationName = Release;
		};
		B97C4D062B3E0ED200A9A34A /* Build configuration list for PBXNativeTarget "ChatGPT" */ = {
			isa = XCConfigurationList;
			buildConfigurations = (
				B97C4D072B3E0ED200A9A34A /* Debug */,
				B97C4D082B3E0ED200A9A34A /* Release */,
			);
			defaultConfigurationIsVisible = 0;
			defaultConfigurationName = Release;
		};
		B97C4D092B3E0ED200A9A34A /* Build configuration list for PBXNativeTarget "ChatGPTTests" */ = {
			isa = XCConfigurationList;
			buildConfigurations = (
				B97C4D0A2B3E0ED200A9A34A /* Debug */,
				B97C4D0B2B3E0ED200A9A34A /* Release */,
			);
			defaultConfigurationIsVisible = 0;
			defaultConfigurationName = Release;
		};
		B97C4D0C2B3E0ED200A9A34A /* Build configuration list for PBXNativeTarget "ChatGPTUITests" */ = {
			isa = XCConfigurationList;
			buildConfigurations = (
				B97C4D0D2B3E0ED200A9A34A /* Debug */,
				B97C4D0E2B3E0ED200A9A34A /* Release */,
			);
			defaultConfigurationIsVisible = 0;
			defaultConfigurationName = Release;
		};
/* End XCConfigurationList section */
	};
	rootObject = B97C4CD62B3E0ED100A9A34A /* Project object */;
}
